// !$*UTF8*$!
{
	archiveVersion = 1;
	classes = {
	};
	objectVersion = 60;
	objects = {

/* Begin PBXBuildFile section */
		11A0A0012B7B000100000001 /* VoiceSquadApp.swift in Sources */ = {isa = PBXBuildFile; fileRef = 11A0A0212B7B000100000001 /* VoiceSquadApp.swift */; };
		11A0A0022B7B000100000001 /* ContentView.swift in Sources */ = {isa = PBXBuildFile; fileRef = 11A0A0222B7B000100000001 /* ContentView.swift */; };
		11A0A0032B7B000100000001 /* Config.swift in Sources */ = {isa = PBXBuildFile; fileRef = 11A0A0232B7B000100000001 /* Config.swift */; };
		11A0A0052B7B000100000001 /* VoiceSquadWebView.swift in Sources */ = {isa = PBXBuildFile; fileRef = 11A0A0252B7B000100000001 /* VoiceSquadWebView.swift */; };
		11A0A0072B7B000100000001 /* WebSocketClient.swift in Sources */ = {isa = PBXBuildFile; fileRef = 11A0A0272B7B000100000001 /* WebSocketClient.swift */; };
		11A0A00F2B7B000100000001 /* QRScannerView.swift in Sources */ = {isa = PBXBuildFile; fileRef = 11A0A02F2B7B000100000001 /* QRScannerView.swift */; };
		11A0A00A2B7B000100000001 /* Assets.xcassets in Resources */ = {isa = PBXBuildFile; fileRef = 11A0A02A2B7B000100000001 /* Assets.xcassets */; };
		11A0A00B2B7B000100000001 /* VoiceSquadTests.swift in Sources */ = {isa = PBXBuildFile; fileRef = 11A0A02B2B7B000100000001 /* VoiceSquadTests.swift */; };
		/* New app files */
		11B0B0012B7B000200000001 /* VoiceSquadActivity.swift in Sources */ = {isa = PBXBuildFile; fileRef = 11B0B0212B7B000200000001 /* VoiceSquadActivity.swift */; };
		11B0B0022B7B000200000001 /* LiveActivityManager.swift in Sources */ = {isa = PBXBuildFile; fileRef = 11B0B0222B7B000200000001 /* LiveActivityManager.swift */; };
		11B0B0032B7B000200000001 /* NotificationManager.swift in Sources */ = {isa = PBXBuildFile; fileRef = 11B0B0232B7B000200000001 /* NotificationManager.swift */; };
		/* Widget extension files */
		11B0B0042B7B000200000001 /* VoiceSquadLiveActivityBundle.swift in Sources */ = {isa = PBXBuildFile; fileRef = 11B0B0242B7B000200000001 /* VoiceSquadLiveActivityBundle.swift */; };
		11B0B0052B7B000200000001 /* VoiceSquadLiveActivityWidget.swift in Sources */ = {isa = PBXBuildFile; fileRef = 11B0B0252B7B000200000001 /* VoiceSquadLiveActivityWidget.swift */; };
		11B0B0062B7B000200000001 /* VoiceSquadActivity.swift in Sources */ = {isa = PBXBuildFile; fileRef = 11B0B0212B7B000200000001 /* VoiceSquadActivity.swift */; };
		/* New files for auto-read toggle + silent audio */
		11C0C0012B7B000300000001 /* SharedConfig.swift in Sources */ = {isa = PBXBuildFile; fileRef = 11C0C0212B7B000300000001 /* SharedConfig.swift */; };
		11C0C0022B7B000300000001 /* SharedConfig.swift in Sources */ = {isa = PBXBuildFile; fileRef = 11C0C0212B7B000300000001 /* SharedConfig.swift */; };
		11C0C0032B7B000300000001 /* ToggleAutoReadIntent.swift in Sources */ = {isa = PBXBuildFile; fileRef = 11C0C0222B7B000300000001 /* ToggleAutoReadIntent.swift */; };
		11C0C0042B7B000300000001 /* ToggleAutoReadIntent.swift in Sources */ = {isa = PBXBuildFile; fileRef = 11C0C0222B7B000300000001 /* ToggleAutoReadIntent.swift */; };
		11C0C0052B7B000300000001 /* SilentAudioPlayer.swift in Sources */ = {isa = PBXBuildFile; fileRef = 11C0C0232B7B000300000001 /* SilentAudioPlayer.swift */; };
		/* Embed extension */
		11B0B0072B7B000200000001 /* VoiceSquadLiveActivity.appex in Embed Foundation Extensions */ = {isa = PBXBuildFile; fileRef = 11B0B0302B7B000200000001 /* VoiceSquadLiveActivity.appex */; settings = {ATTRIBUTES = (RemoveHeadersOnCopy, ); }; };
/* End PBXBuildFile section */

/* Begin PBXContainerItemProxy section */
		11A0A00C2B7B000100000001 /* PBXContainerItemProxy */ = {
			isa = PBXContainerItemProxy;
			containerPortal = 11A0A0102B7B000100000001 /* Project object */;
			proxyType = 1;
			remoteGlobalIDString = 11A0A0112B7B000100000001;
			remoteInfo = VoiceSquad;
		};
		11B0B00C2B7B000200000001 /* PBXContainerItemProxy */ = {
			isa = PBXContainerItemProxy;
			containerPortal = 11A0A0102B7B000100000001 /* Project object */;
			proxyType = 1;
			remoteGlobalIDString = 11B0B0112B7B000200000001;
			remoteInfo = VoiceSquadLiveActivity;
		};
/* End PBXContainerItemProxy section */

/* Begin PBXCopyFilesBuildPhase section */
		11B0B0082B7B000200000001 /* Embed Foundation Extensions */ = {
			isa = PBXCopyFilesBuildPhase;
			buildActionMask = 2147483647;
			dstPath = "";
			dstSubfolderSpec = 13;
			files = (
				11B0B0072B7B000200000001 /* VoiceSquadLiveActivity.appex in Embed Foundation Extensions */,
			);
			name = "Embed Foundation Extensions";
			runOnlyForDeploymentPostprocessing = 0;
		};
/* End PBXCopyFilesBuildPhase section */

/* Begin PBXFileReference section */
		11A0A0202B7B000100000001 /* VoiceSquad.app */ = {isa = PBXFileReference; explicitFileType = wrapper.application; includeInIndex = 0; path = VoiceSquad.app; sourceTree = BUILT_PRODUCTS_DIR; };
		11A0A0212B7B000100000001 /* VoiceSquadApp.swift */ = {isa = PBXFileReference; lastKnownFileType = sourcecode.swift; path = VoiceSquadApp.swift; sourceTree = "<group>"; };
		11A0A0222B7B000100000001 /* ContentView.swift */ = {isa = PBXFileReference; lastKnownFileType = sourcecode.swift; path = ContentView.swift; sourceTree = "<group>"; };
		11A0A0232B7B000100000001 /* Config.swift */ = {isa = PBXFileReference; lastKnownFileType = sourcecode.swift; path = Config.swift; sourceTree = "<group>"; };
		11A0A0252B7B000100000001 /* VoiceSquadWebView.swift */ = {isa = PBXFileReference; lastKnownFileType = sourcecode.swift; path = VoiceSquadWebView.swift; sourceTree = "<group>"; };
		11A0A0272B7B000100000001 /* WebSocketClient.swift */ = {isa = PBXFileReference; lastKnownFileType = sourcecode.swift; path = WebSocketClient.swift; sourceTree = "<group>"; };
		11A0A02A2B7B000100000001 /* Assets.xcassets */ = {isa = PBXFileReference; lastKnownFileType = folder.assetcatalog; path = Assets.xcassets; sourceTree = "<group>"; };
		11A0A02B2B7B000100000001 /* VoiceSquadTests.swift */ = {isa = PBXFileReference; lastKnownFileType = sourcecode.swift; path = VoiceSquadTests.swift; sourceTree = "<group>"; };
		11A0A02C2B7B000100000001 /* Info.plist */ = {isa = PBXFileReference; lastKnownFileType = text.plist.xml; path = Info.plist; sourceTree = "<group>"; };
		11A0A02D2B7B000100000001 /* VoiceSquad.entitlements */ = {isa = PBXFileReference; lastKnownFileType = text.plist.entitlements; path = VoiceSquad.entitlements; sourceTree = "<group>"; };
		11A0A02E2B7B000100000001 /* VoiceSquadTests.xctest */ = {isa = PBXFileReference; explicitFileType = wrapper.cfbundle; includeInIndex = 0; path = VoiceSquadTests.xctest; sourceTree = BUILT_PRODUCTS_DIR; };
		11A0A02F2B7B000100000001 /* QRScannerView.swift */ = {isa = PBXFileReference; lastKnownFileType = sourcecode.swift; path = QRScannerView.swift; sourceTree = "<group>"; };
		/* New app files */
		11B0B0212B7B000200000001 /* VoiceSquadActivity.swift */ = {isa = PBXFileReference; lastKnownFileType = sourcecode.swift; path = VoiceSquadActivity.swift; sourceTree = "<group>"; };
		11B0B0222B7B000200000001 /* LiveActivityManager.swift */ = {isa = PBXFileReference; lastKnownFileType = sourcecode.swift; path = LiveActivityManager.swift; sourceTree = "<group>"; };
		11B0B0232B7B000200000001 /* NotificationManager.swift */ = {isa = PBXFileReference; lastKnownFileType = sourcecode.swift; path = NotificationManager.swift; sourceTree = "<group>"; };
		/* Widget extension files */
		11B0B0242B7B000200000001 /* VoiceSquadLiveActivityBundle.swift */ = {isa = PBXFileReference; lastKnownFileType = sourcecode.swift; path = VoiceSquadLiveActivityBundle.swift; sourceTree = "<group>"; };
		11B0B0252B7B000200000001 /* VoiceSquadLiveActivityWidget.swift */ = {isa = PBXFileReference; lastKnownFileType = sourcecode.swift; path = VoiceSquadLiveActivityWidget.swift; sourceTree = "<group>"; };
		11B0B0302B7B000200000001 /* VoiceSquadLiveActivity.appex */ = {isa = PBXFileReference; explicitFileType = "wrapper.app-extension"; includeInIndex = 0; path = VoiceSquadLiveActivity.appex; sourceTree = BUILT_PRODUCTS_DIR; };
		11B0B0262B7B000200000001 /* Info.plist */ = {isa = PBXFileReference; lastKnownFileType = text.plist.xml; path = Info.plist; sourceTree = "<group>"; };
		/* New files for auto-read toggle + silent audio */
		11C0C0212B7B000300000001 /* SharedConfig.swift */ = {isa = PBXFileReference; lastKnownFileType = sourcecode.swift; path = SharedConfig.swift; sourceTree = "<group>"; };
		11C0C0222B7B000300000001 /* ToggleAutoReadIntent.swift */ = {isa = PBXFileReference; lastKnownFileType = sourcecode.swift; path = ToggleAutoReadIntent.swift; sourceTree = "<group>"; };
		11C0C0232B7B000300000001 /* SilentAudioPlayer.swift */ = {isa = PBXFileReference; lastKnownFileType = sourcecode.swift; path = SilentAudioPlayer.swift; sourceTree = "<group>"; };
		11C0C0242B7B000300000001 /* VoiceSquadLiveActivityEntitlements.entitlements */ = {isa = PBXFileReference; lastKnownFileType = text.plist.entitlements; path = VoiceSquadLiveActivityEntitlements.entitlements; sourceTree = "<group>"; };
/* End PBXFileReference section */

/* Begin PBXFrameworksBuildPhase section */
		11A0A0132B7B000100000001 /* Frameworks */ = {
			isa = PBXFrameworksBuildPhase;
			buildActionMask = 2147483647;
			files = (
			);
			runOnlyForDeploymentPostprocessing = 0;
		};
		11A0A0142B7B000100000001 /* Frameworks */ = {
			isa = PBXFrameworksBuildPhase;
			buildActionMask = 2147483647;
			files = (
			);
			runOnlyForDeploymentPostprocessing = 0;
		};
		11B0B0132B7B000200000001 /* Frameworks */ = {
			isa = PBXFrameworksBuildPhase;
			buildActionMask = 2147483647;
			files = (
			);
			runOnlyForDeploymentPostprocessing = 0;
		};
/* End PBXFrameworksBuildPhase section */

/* Begin PBXGroup section */
		11A0A0152B7B000100000001 = {
			isa = PBXGroup;
			children = (
				11A0A0192B7B000100000001 /* VoiceSquad */,
				11A0A01A2B7B000100000001 /* VoiceSquadTests */,
				11B0B0192B7B000200000001 /* VoiceSquadLiveActivity */,
				11A0A02D2B7B000100000001 /* VoiceSquad.entitlements */,
				11A0A01B2B7B000100000001 /* Products */,
			);
			sourceTree = "<group>";
		};
		11A0A0192B7B000100000001 /* VoiceSquad */ = {
			isa = PBXGroup;
			children = (
				11A0A0212B7B000100000001 /* VoiceSquadApp.swift */,
				11A0A0222B7B000100000001 /* ContentView.swift */,
				11A0A0232B7B000100000001 /* Config.swift */,
				11B0B0212B7B000200000001 /* VoiceSquadActivity.swift */,
				11B0B0222B7B000200000001 /* LiveActivityManager.swift */,
				11B0B0232B7B000200000001 /* NotificationManager.swift */,
				11C0C0212B7B000300000001 /* SharedConfig.swift */,
				11C0C0222B7B000300000001 /* ToggleAutoReadIntent.swift */,
				11A0A01C2B7B000100000001 /* Audio */,
				11A0A01D2B7B000100000001 /* WebView */,
				11A0A01E2B7B000100000001 /* Views */,
				11A0A02A2B7B000100000001 /* Assets.xcassets */,
				11A0A02C2B7B000100000001 /* Info.plist */,
			);
			path = VoiceSquad;
			sourceTree = "<group>";
		};
		11A0A01A2B7B000100000001 /* VoiceSquadTests */ = {
			isa = PBXGroup;
			children = (
				11A0A02B2B7B000100000001 /* VoiceSquadTests.swift */,
			);
			path = VoiceSquadTests;
			sourceTree = "<group>";
		};
		11A0A01B2B7B000100000001 /* Products */ = {
			isa = PBXGroup;
			children = (
				11A0A0202B7B000100000001 /* VoiceSquad.app */,
				11A0A02E2B7B000100000001 /* VoiceSquadTests.xctest */,
				11B0B0302B7B000200000001 /* VoiceSquadLiveActivity.appex */,
			);
			name = Products;
			sourceTree = "<group>";
		};
		11A0A01C2B7B000100000001 /* Audio */ = {
			isa = PBXGroup;
			children = (
				11A0A0272B7B000100000001 /* WebSocketClient.swift */,
				11C0C0232B7B000300000001 /* SilentAudioPlayer.swift */,
			);
			path = Audio;
			sourceTree = "<group>";
		};
		11A0A01D2B7B000100000001 /* WebView */ = {
			isa = PBXGroup;
			children = (
				11A0A0252B7B000100000001 /* VoiceSquadWebView.swift */,
			);
			path = WebView;
			sourceTree = "<group>";
		};
		11A0A01E2B7B000100000001 /* Views */ = {
			isa = PBXGroup;
			children = (
				11A0A02F2B7B000100000001 /* QRScannerView.swift */,
			);
			path = Views;
			sourceTree = "<group>";
		};
		11B0B0192B7B000200000001 /* VoiceSquadLiveActivity */ = {
			isa = PBXGroup;
			children = (
				11B0B0242B7B000200000001 /* VoiceSquadLiveActivityBundle.swift */,
				11B0B0252B7B000200000001 /* VoiceSquadLiveActivityWidget.swift */,
				11B0B0262B7B000200000001 /* Info.plist */,
				11C0C0242B7B000300000001 /* VoiceSquadLiveActivityEntitlements.entitlements */,
			);
			path = VoiceSquadLiveActivity;
			sourceTree = "<group>";
		};
/* End PBXGroup section */

/* Begin PBXNativeTarget section */
		11A0A0112B7B000100000001 /* VoiceSquad */ = {
			isa = PBXNativeTarget;
			buildConfigurationList = 11A0A0302B7B000100000001 /* Build configuration list for PBXNativeTarget "VoiceSquad" */;
			buildPhases = (
				11A0A0402B7B000100000001 /* Sources */,
				11A0A0162B7B000100000001 /* Resources */,
				11A0A0132B7B000100000001 /* Frameworks */,
				11B0B0082B7B000200000001 /* Embed Foundation Extensions */,
			);
			buildRules = (
			);
			dependencies = (
				11B0B00D2B7B000200000001 /* PBXTargetDependency */,
			);
			name = VoiceSquad;
			productName = VoiceSquad;
			productReference = 11A0A0202B7B000100000001 /* VoiceSquad.app */;
			productType = "com.apple.product-type.application";
		};
		11A0A0122B7B000100000001 /* VoiceSquadTests */ = {
			isa = PBXNativeTarget;
			buildConfigurationList = 11A0A0312B7B000100000001 /* Build configuration list for PBXNativeTarget "VoiceSquadTests" */;
			buildPhases = (
				11A0A0172B7B000100000001 /* Sources */,
				11A0A0182B7B000100000001 /* Resources */,
				11A0A0142B7B000100000001 /* Frameworks */,
			);
			buildRules = (
			);
			dependencies = (
				11A0A0322B7B000100000001 /* PBXTargetDependency */,
			);
			name = VoiceSquadTests;
			productName = VoiceSquadTests;
			productReference = 11A0A02E2B7B000100000001 /* VoiceSquadTests.xctest */;
			productType = "com.apple.product-type.bundle.unit-test";
		};
		11B0B0112B7B000200000001 /* VoiceSquadLiveActivity */ = {
			isa = PBXNativeTarget;
			buildConfigurationList = 11B0B0312B7B000200000001 /* Build configuration list for PBXNativeTarget "VoiceSquadLiveActivity" */;
			buildPhases = (
				11B0B0402B7B000200000001 /* Sources */,
				11B0B0162B7B000200000001 /* Resources */,
				11B0B0132B7B000200000001 /* Frameworks */,
			);
			buildRules = (
			);
			dependencies = (
			);
			name = VoiceSquadLiveActivity;
			productName = VoiceSquadLiveActivity;
			productReference = 11B0B0302B7B000200000001 /* VoiceSquadLiveActivity.appex */;
			productType = "com.apple.product-type.app-extension";
		};
/* End PBXNativeTarget section */

/* Begin PBXProject section */
		11A0A0102B7B000100000001 /* Project object */ = {
			isa = PBXProject;
			attributes = {
				BuildIndependentTargetsInParallel = 1;
				LastSwiftUpdateCheck = 1540;
				LastUpgradeCheck = 1540;
				TargetAttributes = {
					11A0A0112B7B000100000001 = {
						CreatedOnToolsVersion = 15.4;
					};
					11A0A0122B7B000100000001 = {
						CreatedOnToolsVersion = 15.4;
						TestTargetID = 11A0A0112B7B000100000001;
					};
					11B0B0112B7B000200000001 = {
						CreatedOnToolsVersion = 15.4;
					};
				};
			};
			buildConfigurationList = 11A0A0332B7B000100000001 /* Build configuration list for PBXProject "VoiceSquad" */;
			compatibilityVersion = "Xcode 15.0";
			developmentRegion = en;
			hasScannedForEncodings = 0;
			knownRegions = (
				en,
				Base,
			);
			mainGroup = 11A0A0152B7B000100000001;
			productRefGroup = 11A0A01B2B7B000100000001 /* Products */;
			projectDirPath = "";
			projectRoot = "";
			targets = (
				11A0A0112B7B000100000001 /* VoiceSquad */,
				11A0A0122B7B000100000001 /* VoiceSquadTests */,
				11B0B0112B7B000200000001 /* VoiceSquadLiveActivity */,
			);
		};
/* End PBXProject section */

/* Begin PBXResourcesBuildPhase section */
		11A0A0162B7B000100000001 /* Resources */ = {
			isa = PBXResourcesBuildPhase;
			buildActionMask = 2147483647;
			files = (
				11A0A00A2B7B000100000001 /* Assets.xcassets in Resources */,
			);
			runOnlyForDeploymentPostprocessing = 0;
		};
		11A0A0182B7B000100000001 /* Resources */ = {
			isa = PBXResourcesBuildPhase;
			buildActionMask = 2147483647;
			files = (
			);
			runOnlyForDeploymentPostprocessing = 0;
		};
		11B0B0162B7B000200000001 /* Resources */ = {
			isa = PBXResourcesBuildPhase;
			buildActionMask = 2147483647;
			files = (
			);
			runOnlyForDeploymentPostprocessing = 0;
		};
/* End PBXResourcesBuildPhase section */

/* Begin PBXSourcesBuildPhase section */
		11A0A0172B7B000100000001 /* Sources */ = {
			isa = PBXSourcesBuildPhase;
			buildActionMask = 2147483647;
			files = (
				11A0A00B2B7B000100000001 /* VoiceSquadTests.swift in Sources */,
			);
			runOnlyForDeploymentPostprocessing = 0;
		};
		11A0A0402B7B000100000001 /* Sources */ = {
			isa = PBXSourcesBuildPhase;
			buildActionMask = 2147483647;
			files = (
				11A0A0012B7B000100000001 /* VoiceSquadApp.swift in Sources */,
				11A0A0022B7B000100000001 /* ContentView.swift in Sources */,
				11A0A0032B7B000100000001 /* Config.swift in Sources */,
				11A0A0052B7B000100000001 /* VoiceSquadWebView.swift in Sources */,
				11A0A0072B7B000100000001 /* WebSocketClient.swift in Sources */,
				11A0A00F2B7B000100000001 /* QRScannerView.swift in Sources */,
				11B0B0012B7B000200000001 /* VoiceSquadActivity.swift in Sources */,
				11B0B0022B7B000200000001 /* LiveActivityManager.swift in Sources */,
				11B0B0032B7B000200000001 /* NotificationManager.swift in Sources */,
				11C0C0012B7B000300000001 /* SharedConfig.swift in Sources */,
				11C0C0032B7B000300000001 /* ToggleAutoReadIntent.swift in Sources */,
				11C0C0052B7B000300000001 /* SilentAudioPlayer.swift in Sources */,
			);
			runOnlyForDeploymentPostprocessing = 0;
		};
		11B0B0402B7B000200000001 /* Sources */ = {
			isa = PBXSourcesBuildPhase;
			buildActionMask = 2147483647;
			files = (
				11B0B0042B7B000200000001 /* VoiceSquadLiveActivityBundle.swift in Sources */,
				11B0B0052B7B000200000001 /* VoiceSquadLiveActivityWidget.swift in Sources */,
				11B0B0062B7B000200000001 /* VoiceSquadActivity.swift in Sources */,
				11C0C0022B7B000300000001 /* SharedConfig.swift in Sources */,
				11C0C0042B7B000300000001 /* ToggleAutoReadIntent.swift in Sources */,
			);
			runOnlyForDeploymentPostprocessing = 0;
		};
/* End PBXSourcesBuildPhase section */

/* Begin PBXTargetDependency section */
		11A0A0322B7B000100000001 /* PBXTargetDependency */ = {
			isa = PBXTargetDependency;
			target = 11A0A0112B7B000100000001 /* VoiceSquad */;
			targetProxy = 11A0A00C2B7B000100000001 /* PBXContainerItemProxy */;
		};
		11B0B00D2B7B000200000001 /* PBXTargetDependency */ = {
			isa = PBXTargetDependency;
			target = 11B0B0112B7B000200000001 /* VoiceSquadLiveActivity */;
			targetProxy = 11B0B00C2B7B000200000001 /* PBXContainerItemProxy */;
		};
/* End PBXTargetDependency section */

/* Begin XCBuildConfiguration section */
		11A0A0342B7B000100000001 /* Debug */ = {
			isa = XCBuildConfiguration;
			buildSettings = {
				ALWAYS_SEARCH_USER_PATHS = NO;
				CLANG_ANALYZER_NONNULL = YES;
				CLANG_ANALYZER_NUMBER_OBJECT_CONVERSION = YES_AGGRESSIVE;
				CLANG_CXX_LANGUAGE_STANDARD = "gnu++20";
				CLANG_ENABLE_MODULES = YES;
				CLANG_ENABLE_OBJC_ARC = YES;
				CLANG_ENABLE_OBJC_WEAK = YES;
				CLANG_WARN_BLOCK_CAPTURE_AUTORELEASING = YES;
				CLANG_WARN_BOOL_CONVERSION = YES;
				CLANG_WARN_COMMA = YES;
				CLANG_WARN_CONSTANT_CONVERSION = YES;
				CLANG_WARN_DEPRECATED_OBJC_IMPLEMENTATIONS = YES;
				CLANG_WARN_DIRECT_OBJC_ISA_USAGE = YES_ERROR;
				CLANG_WARN_DOCUMENTATION_COMMENTS = YES;
				CLANG_WARN_EMPTY_BODY = YES;
				CLANG_WARN_ENUM_CONVERSION = YES;
				CLANG_WARN_INFINITE_RECURSION = YES;
				CLANG_WARN_INT_CONVERSION = YES;
				CLANG_WARN_NON_LITERAL_NULL_CONVERSION = YES;
				CLANG_WARN_OBJC_IMPLICIT_RETAIN_SELF = YES;
				CLANG_WARN_OBJC_LITERAL_CONVERSION = YES;
				CLANG_WARN_OBJC_ROOT_CLASS = YES_ERROR;
				CLANG_WARN_QUOTED_INCLUDE_IN_FRAMEWORK_HEADER = YES;
				CLANG_WARN_RANGE_LOOP_ANALYSIS = YES;
				CLANG_WARN_STRICT_PROTOTYPES = YES;
				CLANG_WARN_SUSPICIOUS_MOVE = YES;
				CLANG_WARN_UNGUARDED_AVAILABILITY = YES_AGGRESSIVE;
				CLANG_WARN_UNREACHABLE_CODE = YES;
				COPY_PHASE_STRIP = NO;
				DEBUG_INFORMATION_FORMAT = dwarf;
				ENABLE_STRICT_OBJC_MSGSEND = YES;
				ENABLE_TESTABILITY = YES;
				GCC_C_LANGUAGE_STANDARD = gnu11;
				GCC_DYNAMIC_NO_PIC = NO;
				GCC_NO_COMMON_BLOCKS = YES;
				GCC_OPTIMIZATION_LEVEL = 0;
				GCC_PREPROCESSOR_DEFINITIONS = (
					"DEBUG=1",
					"$(inherited)",
				);
				GCC_WARN_64_TO_32_BIT_CONVERSION = YES;
				GCC_WARN_ABOUT_RETURN_TYPE = YES_ERROR;
				GCC_WARN_UNDECLARED_SELECTOR = YES;
				GCC_WARN_UNINITIALIZED_AUTOS = YES_AGGRESSIVE;
				GCC_WARN_UNUSED_FUNCTION = YES;
				GCC_WARN_UNUSED_VARIABLE = YES;
				IPHONEOS_DEPLOYMENT_TARGET = 17.0;
				MTL_ENABLE_DEBUG_INFO = INCLUDE_SOURCE;
				MTL_FAST_MATH = YES;
				ONLY_ACTIVE_ARCH = YES;
				SDKROOT = iphoneos;
				SWIFT_ACTIVE_COMPILATION_CONDITIONS = DEBUG;
				SWIFT_OPTIMIZATION_LEVEL = "-Onone";
				SWIFT_VERSION = 5.0;
				TARGETED_DEVICE_FAMILY = "1,2";
			};
			name = Debug;
		};
		11A0A0352B7B000100000001 /* Release */ = {
			isa = XCBuildConfiguration;
			buildSettings = {
				ALWAYS_SEARCH_USER_PATHS = NO;
				CLANG_ANALYZER_NONNULL = YES;
				CLANG_ANALYZER_NUMBER_OBJECT_CONVERSION = YES_AGGRESSIVE;
				CLANG_CXX_LANGUAGE_STANDARD = "gnu++20";
				CLANG_ENABLE_MODULES = YES;
				CLANG_ENABLE_OBJC_ARC = YES;
				CLANG_ENABLE_OBJC_WEAK = YES;
				CLANG_WARN_BLOCK_CAPTURE_AUTORELEASING = YES;
				CLANG_WARN_BOOL_CONVERSION = YES;
				CLANG_WARN_COMMA = YES;
				CLANG_WARN_CONSTANT_CONVERSION = YES;
				CLANG_WARN_DEPRECATED_OBJC_IMPLEMENTATIONS = YES;
				CLANG_WARN_DIRECT_OBJC_ISA_USAGE = YES_ERROR;
				CLANG_WARN_DOCUMENTATION_COMMENTS = YES;
				CLANG_WARN_EMPTY_BODY = YES;
				CLANG_WARN_ENUM_CONVERSION = YES;
				CLANG_WARN_INFINITE_RECURSION = YES;
				CLANG_WARN_INT_CONVERSION = YES;
				CLANG_WARN_NON_LITERAL_NULL_CONVERSION = YES;
				CLANG_WARN_OBJC_IMPLICIT_RETAIN_SELF = YES;
				CLANG_WARN_OBJC_LITERAL_CONVERSION = YES;
				CLANG_WARN_OBJC_ROOT_CLASS = YES_ERROR;
				CLANG_WARN_QUOTED_INCLUDE_IN_FRAMEWORK_HEADER = YES;
				CLANG_WARN_RANGE_LOOP_ANALYSIS = YES;
				CLANG_WARN_STRICT_PROTOTYPES = YES;
				CLANG_WARN_SUSPICIOUS_MOVE = YES;
				CLANG_WARN_UNGUARDED_AVAILABILITY = YES_AGGRESSIVE;
				CLANG_WARN_UNREACHABLE_CODE = YES;
				COPY_PHASE_STRIP = YES;
				DEBUG_INFORMATION_FORMAT = "dwarf-with-dsym";
				ENABLE_NS_ASSERTIONS = NO;
				ENABLE_STRICT_OBJC_MSGSEND = YES;
				GCC_C_LANGUAGE_STANDARD = gnu11;
				GCC_NO_COMMON_BLOCKS = YES;
				IPHONEOS_DEPLOYMENT_TARGET = 17.0;
				MTL_FAST_MATH = YES;
				SDKROOT = iphoneos;
				SWIFT_COMPILATION_MODE = wholemodule;
				SWIFT_OPTIMIZATION_LEVEL = "-O";
				SWIFT_VERSION = 5.0;
				TARGETED_DEVICE_FAMILY = "1,2";
			};
			name = Release;
		};
		11A0A0362B7B000100000001 /* Debug */ = {
			isa = XCBuildConfiguration;
			buildSettings = {
				ASSETCATALOG_COMPILER_APPICON_NAME = AppIcon;
				CLANG_ENABLE_MODULES = YES;
				CODE_SIGN_ENTITLEMENTS = VoiceSquad.entitlements;
				CURRENT_PROJECT_VERSION = 1;
				DEVELOPMENT_ASSET_PATHS = "\"VoiceSquad/Preview Content\"";
				DEVELOPMENT_TEAM = ZA3PCRS444;
				ENABLE_PREVIEWS = YES;
				INFOPLIST_FILE = VoiceSquad/Info.plist;
				IPHONEOS_DEPLOYMENT_TARGET = 17.0;
				LD_RUNPATH_SEARCH_PATHS = (
					"$(inherited)",
					"@executable_path/Frameworks",
				);
				MARKETING_VERSION = 1.0;
				PRODUCT_BUNDLE_IDENTIFIER = com.voicesquad.app;
				PRODUCT_NAME = VoiceSquad;
				SWIFT_VERSION = 5.0;
			};
			name = Debug;
		};
		11A0A0372B7B000100000001 /* Release */ = {
			isa = XCBuildConfiguration;
			buildSettings = {
				ASSETCATALOG_COMPILER_APPICON_NAME = AppIcon;
				CLANG_ENABLE_MODULES = YES;
				CODE_SIGN_ENTITLEMENTS = VoiceSquad.entitlements;
				CURRENT_PROJECT_VERSION = 1;
				DEVELOPMENT_TEAM = ZA3PCRS444;
				INFOPLIST_FILE = VoiceSquad/Info.plist;
				IPHONEOS_DEPLOYMENT_TARGET = 17.0;
				LD_RUNPATH_SEARCH_PATHS = (
					"$(inherited)",
					"@executable_path/Frameworks",
				);
				MARKETING_VERSION = 1.0;
				PRODUCT_BUNDLE_IDENTIFIER = com.voicesquad.app;
				PRODUCT_NAME = VoiceSquad;
				SWIFT_VERSION = 5.0;
			};
			name = Release;
		};
		11A0A0382B7B000100000001 /* Debug */ = {
			isa = XCBuildConfiguration;
			buildSettings = {
				BUNDLE_LOADER = "$(TEST_HOST)";
				GENERATE_INFOPLIST_FILE = YES;
				INFOPLIST_KEY_CFBundleDisplayName = VoiceSquadTests;
				IPHONEOS_DEPLOYMENT_TARGET = 17.0;
				PRODUCT_BUNDLE_IDENTIFIER = com.voicesquad.appTests;
				PRODUCT_NAME = "$(TARGET_NAME)";
				SWIFT_VERSION = 5.0;
				TEST_HOST = "$(BUILT_PRODUCTS_DIR)/VoiceSquad.app/VoiceSquad";
			};
			name = Debug;
		};
		11A0A0392B7B000100000001 /* Release */ = {
			isa = XCBuildConfiguration;
			buildSettings = {
				BUNDLE_LOADER = "$(TEST_HOST)";
				GENERATE_INFOPLIST_FILE = YES;
				INFOPLIST_KEY_CFBundleDisplayName = VoiceSquadTests;
				IPHONEOS_DEPLOYMENT_TARGET = 17.0;
				PRODUCT_BUNDLE_IDENTIFIER = com.voicesquad.appTests;
				PRODUCT_NAME = "$(TARGET_NAME)";
				SWIFT_VERSION = 5.0;
				TEST_HOST = "$(BUILT_PRODUCTS_DIR)/VoiceSquad.app/VoiceSquad";
			};
			name = Release;
		};
		/* Widget extension build configurations */
		11B0B0362B7B000200000001 /* Debug */ = {
			isa = XCBuildConfiguration;
			buildSettings = {
				CLANG_ENABLE_MODULES = YES;
				CODE_SIGN_ENTITLEMENTS = VoiceSquadLiveActivity/VoiceSquadLiveActivityEntitlements.entitlements;
				CODE_SIGN_STYLE = Automatic;
				CURRENT_PROJECT_VERSION = 1;
				DEVELOPMENT_TEAM = ZA3PCRS444;
				INFOPLIST_FILE = VoiceSquadLiveActivity/Info.plist;
				IPHONEOS_DEPLOYMENT_TARGET = 17.0;
				LD_RUNPATH_SEARCH_PATHS = (
					"$(inherited)",
					"@executable_path/Frameworks",
					"@executable_path/../../Frameworks",
				);
				MARKETING_VERSION = 1.0;
				PRODUCT_BUNDLE_IDENTIFIER = com.voicesquad.app.VoiceSquadLiveActivity;
				PRODUCT_NAME = "$(TARGET_NAME)";
				SKIP_INSTALL = YES;
				SWIFT_EMIT_LOC_STRINGS = YES;
				SWIFT_VERSION = 5.0;
			};
			name = Debug;
		};
		11B0B0372B7B000200000001 /* Release */ = {
			isa = XCBuildConfiguration;
			buildSettings = {
				CLANG_ENABLE_MODULES = YES;
				CODE_SIGN_ENTITLEMENTS = VoiceSquadLiveActivity/VoiceSquadLiveActivityEntitlements.entitlements;
				CODE_SIGN_STYLE = Automatic;
				CURRENT_PROJECT_VERSION = 1;
				DEVELOPMENT_TEAM = ZA3PCRS444;
				INFOPLIST_FILE = VoiceSquadLiveActivity/Info.plist;
				IPHONEOS_DEPLOYMENT_TARGET = 17.0;
				LD_RUNPATH_SEARCH_PATHS = (
					"$(inherited)",
					"@executable_path/Frameworks",
					"@executable_path/../../Frameworks",
				);
				MARKETING_VERSION = 1.0;
				PRODUCT_BUNDLE_IDENTIFIER = com.voicesquad.app.VoiceSquadLiveActivity;
				PRODUCT_NAME = "$(TARGET_NAME)";
				SKIP_INSTALL = YES;
				SWIFT_EMIT_LOC_STRINGS = YES;
				SWIFT_VERSION = 5.0;
			};
			name = Release;
		};
/* End XCBuildConfiguration section */

/* Begin XCConfigurationList section */
		11A0A0302B7B000100000001 /* Build configuration list for PBXNativeTarget "VoiceSquad" */ = {
			isa = XCConfigurationList;
			buildConfigurations = (
				11A0A0362B7B000100000001 /* Debug */,
				11A0A0372B7B000100000001 /* Release */,
			);
			defaultConfigurationIsVisible = 0;
			defaultConfigurationName = Release;
		};
		11A0A0312B7B000100000001 /* Build configuration list for PBXNativeTarget "VoiceSquadTests" */ = {
			isa = XCConfigurationList;
			buildConfigurations = (
				11A0A0382B7B000100000001 /* Debug */,
				11A0A0392B7B000100000001 /* Release */,
			);
			defaultConfigurationIsVisible = 0;
			defaultConfigurationName = Release;
		};
		11A0A0332B7B000100000001 /* Build configuration list for PBXProject "VoiceSquad" */ = {
			isa = XCConfigurationList;
			buildConfigurations = (
				11A0A0342B7B000100000001 /* Debug */,
				11A0A0352B7B000100000001 /* Release */,
			);
			defaultConfigurationIsVisible = 0;
			defaultConfigurationName = Release;
		};
		11B0B0312B7B000200000001 /* Build configuration list for PBXNativeTarget "VoiceSquadLiveActivity" */ = {
			isa = XCConfigurationList;
			buildConfigurations = (
				11B0B0362B7B000200000001 /* Debug */,
				11B0B0372B7B000200000001 /* Release */,
			);
			defaultConfigurationIsVisible = 0;
			defaultConfigurationName = Release;
		};
/* End XCConfigurationList section */
	};
	rootObject = 11A0A0102B7B000100000001 /* Project object */;
}
